
Microsoft Visual Studio Solution File, Format Version 12.00
# Visual Studio 15
VisualStudioVersion = 15.0.28307.168
MinimumVisualStudioVersion = 10.0.40219.1
Project("{FAE04EC0-301F-11D3-BF4B-00C04F79EFBC}") = "AccessLevel", "AccessLevel\AccessLevel.csproj", "{CC2B22D5-02F4-4830-8BAA-277EDB74DC1C}"
EndProject
Global
	GlobalSection(SolutionConfigurationPlatforms) = preSolution
		Debug|Any CPU = Debug|Any CPU
		Release|Any CPU = Release|Any CPU
	EndGlobalSection
	GlobalSection(ProjectConfigurationPlatforms) = postSolution
		{CC2B22D5-02F4-4830-8BAA-277EDB74DC1C}.Debug|Any CPU.ActiveCfg = Debug|Any CPU
		{CC2B22D5-02F4-4830-8BAA-277EDB74DC1C}.Debug|Any CPU.Build.0 = Debug|Any CPU
		{CC2B22D5-02F4-4830-8BAA-277EDB74DC1C}.Release|Any CPU.ActiveCfg = Release|Any CPU
		{CC2B22D5-02F4-4830-8BAA-277EDB74DC1C}.Release|Any CPU.Build.0 = Release|Any CPU
	EndGlobalSection
	GlobalSection(SolutionProperties) = preSolution
		HideSolutionNode = FALSE
	EndGlobalSection
	GlobalSection(ExtensibilityGlobals) = postSolution
		SolutionGuid = {DD2678CD-7F24-4EFA-A6CF-89AE9650A684}
	EndGlobalSection
EndGlobal
